
Microsoft Visual Studio Solution File, Format Version 12.00
# Visual Studio Version 17
VisualStudioVersion = 17.4.33403.182
MinimumVisualStudioVersion = 10.0.40219.1
Project("{FAE04EC0-301F-11D3-BF4B-00C04F79EFBC}") = "Lab3_10", "Lab3_10\Lab3_10.csproj", "{AFAFBC5D-9361-4714-ABE2-B923BDFF037D}"
EndProject
Global
	GlobalSection(SolutionConfigurationPlatforms) = preSolution
		Debug|Any CPU = Debug|Any CPU
		Release|Any CPU = Release|Any CPU
	EndGlobalSection
	GlobalSection(ProjectConfigurationPlatforms) = postSolution
		{AFAFBC5D-9361-4714-ABE2-B923BDFF037D}.Debug|Any CPU.ActiveCfg = Debug|Any CPU
		{AFAFBC5D-9361-4714-ABE2-B923BDFF037D}.Debug|Any CPU.Build.0 = Debug|Any CPU
		{AFAFBC5D-9361-4714-ABE2-B923BDFF037D}.Release|Any CPU.ActiveCfg = Release|Any CPU
		{AFAFBC5D-9361-4714-ABE2-B923BDFF037D}.Release|Any CPU.Build.0 = Release|Any CPU
	EndGlobalSection
	GlobalSection(SolutionProperties) = preSolution
		HideSolutionNode = FALSE
	EndGlobalSection
	GlobalSection(ExtensibilityGlobals) = postSolution
		SolutionGuid = {F0E1BCD2-2303-4B5E-B63B-053514F71DF3}
	EndGlobalSection
EndGlobal
