
Microsoft Visual Studio Solution File, Format Version 12.00
# Visual Studio Version 17
VisualStudioVersion = 17.4.33403.182
MinimumVisualStudioVersion = 10.0.40219.1
Project("{FAE04EC0-301F-11D3-BF4B-00C04F79EFBC}") = "LabAFF", "LabAFF\LabAFF.csproj", "{A9AFBAF2-B283-470E-992A-42899A6625FB}"
EndProject
Global
	GlobalSection(SolutionConfigurationPlatforms) = preSolution
		Debug|Any CPU = Debug|Any CPU
		Release|Any CPU = Release|Any CPU
	EndGlobalSection
	GlobalSection(ProjectConfigurationPlatforms) = postSolution
		{A9AFBAF2-B283-470E-992A-42899A6625FB}.Debug|Any CPU.ActiveCfg = Debug|Any CPU
		{A9AFBAF2-B283-470E-992A-42899A6625FB}.Debug|Any CPU.Build.0 = Debug|Any CPU
		{A9AFBAF2-B283-470E-992A-42899A6625FB}.Release|Any CPU.ActiveCfg = Release|Any CPU
		{A9AFBAF2-B283-470E-992A-42899A6625FB}.Release|Any CPU.Build.0 = Release|Any CPU
	EndGlobalSection
	GlobalSection(SolutionProperties) = preSolution
		HideSolutionNode = FALSE
	EndGlobalSection
	GlobalSection(ExtensibilityGlobals) = postSolution
		SolutionGuid = {6BBCD7C8-8405-4FEA-84A6-F708828903A8}
	EndGlobalSection
EndGlobal
